
Microsoft Visual Studio Solution File, Format Version 12.00
# Visual Studio 15
VisualStudioVersion = 15.0.26124.0
MinimumVisualStudioVersion = 15.0.26124.0
Project("{2150E333-8FDC-42A3-9474-1A3956D46DE8}") = "src", "src", "{BCDC56BC-0B91-469D-AD6D-0AA86E12D8F4}"
EndProject
Project("{FAE04EC0-301F-11D3-BF4B-00C04F79EFBC}") = "SimpleFactory", "src\SimpleFactory\SimpleFactory.csproj", "{B74BFB07-CA12-4CB3-870C-8E2F0822F5DD}"
EndProject
Project("{FAE04EC0-301F-11D3-BF4B-00C04F79EFBC}") = "Strategy", "src\Strategy\Strategy.csproj", "{ED931934-C310-4F51-9726-BF2AC29B8CE5}"
EndProject
Project("{FAE04EC0-301F-11D3-BF4B-00C04F79EFBC}") = "Observer", "src\Observer\Observer.csproj", "{5A9807A1-A5C9-4C3E-B909-525E13F41194}"
EndProject
Project("{FAE04EC0-301F-11D3-BF4B-00C04F79EFBC}") = "TemplateMethod", "src\TemplateMethod\TemplateMethod.csproj", "{9C98C9AA-53BC-4EC9-A9AF-88A0D98DA20B}"
EndProject
Project("{FAE04EC0-301F-11D3-BF4B-00C04F79EFBC}") = "Singleton", "src\Singleton\Singleton.csproj", "{2A8B83DE-1D55-437A-8822-8314216F0AA9}"
EndProject
Project("{FAE04EC0-301F-11D3-BF4B-00C04F79EFBC}") = "Decorator", "src\Decorator\Decorator.csproj", "{FF9B65BE-4435-4FAA-9D22-87AADE6A497E}"
EndProject
Global
	GlobalSection(SolutionConfigurationPlatforms) = preSolution
		Debug|Any CPU = Debug|Any CPU
		Debug|x64 = Debug|x64
		Debug|x86 = Debug|x86
		Release|Any CPU = Release|Any CPU
		Release|x64 = Release|x64
		Release|x86 = Release|x86
	EndGlobalSection
	GlobalSection(SolutionProperties) = preSolution
		HideSolutionNode = FALSE
	EndGlobalSection
	GlobalSection(ProjectConfigurationPlatforms) = postSolution
		{B74BFB07-CA12-4CB3-870C-8E2F0822F5DD}.Debug|Any CPU.ActiveCfg = Debug|Any CPU
		{B74BFB07-CA12-4CB3-870C-8E2F0822F5DD}.Debug|Any CPU.Build.0 = Debug|Any CPU
		{B74BFB07-CA12-4CB3-870C-8E2F0822F5DD}.Debug|x64.ActiveCfg = Debug|Any CPU
		{B74BFB07-CA12-4CB3-870C-8E2F0822F5DD}.Debug|x64.Build.0 = Debug|Any CPU
		{B74BFB07-CA12-4CB3-870C-8E2F0822F5DD}.Debug|x86.ActiveCfg = Debug|Any CPU
		{B74BFB07-CA12-4CB3-870C-8E2F0822F5DD}.Debug|x86.Build.0 = Debug|Any CPU
		{B74BFB07-CA12-4CB3-870C-8E2F0822F5DD}.Release|Any CPU.ActiveCfg = Release|Any CPU
		{B74BFB07-CA12-4CB3-870C-8E2F0822F5DD}.Release|Any CPU.Build.0 = Release|Any CPU
		{B74BFB07-CA12-4CB3-870C-8E2F0822F5DD}.Release|x64.ActiveCfg = Release|Any CPU
		{B74BFB07-CA12-4CB3-870C-8E2F0822F5DD}.Release|x64.Build.0 = Release|Any CPU
		{B74BFB07-CA12-4CB3-870C-8E2F0822F5DD}.Release|x86.ActiveCfg = Release|Any CPU
		{B74BFB07-CA12-4CB3-870C-8E2F0822F5DD}.Release|x86.Build.0 = Release|Any CPU
		{ED931934-C310-4F51-9726-BF2AC29B8CE5}.Debug|Any CPU.ActiveCfg = Debug|Any CPU
		{ED931934-C310-4F51-9726-BF2AC29B8CE5}.Debug|Any CPU.Build.0 = Debug|Any CPU
		{ED931934-C310-4F51-9726-BF2AC29B8CE5}.Debug|x64.ActiveCfg = Debug|Any CPU
		{ED931934-C310-4F51-9726-BF2AC29B8CE5}.Debug|x64.Build.0 = Debug|Any CPU
		{ED931934-C310-4F51-9726-BF2AC29B8CE5}.Debug|x86.ActiveCfg = Debug|Any CPU
		{ED931934-C310-4F51-9726-BF2AC29B8CE5}.Debug|x86.Build.0 = Debug|Any CPU
		{ED931934-C310-4F51-9726-BF2AC29B8CE5}.Release|Any CPU.ActiveCfg = Release|Any CPU
		{ED931934-C310-4F51-9726-BF2AC29B8CE5}.Release|Any CPU.Build.0 = Release|Any CPU
		{ED931934-C310-4F51-9726-BF2AC29B8CE5}.Release|x64.ActiveCfg = Release|Any CPU
		{ED931934-C310-4F51-9726-BF2AC29B8CE5}.Release|x64.Build.0 = Release|Any CPU
		{ED931934-C310-4F51-9726-BF2AC29B8CE5}.Release|x86.ActiveCfg = Release|Any CPU
		{ED931934-C310-4F51-9726-BF2AC29B8CE5}.Release|x86.Build.0 = Release|Any CPU
		{5A9807A1-A5C9-4C3E-B909-525E13F41194}.Debug|Any CPU.ActiveCfg = Debug|Any CPU
		{5A9807A1-A5C9-4C3E-B909-525E13F41194}.Debug|Any CPU.Build.0 = Debug|Any CPU
		{5A9807A1-A5C9-4C3E-B909-525E13F41194}.Debug|x64.ActiveCfg = Debug|Any CPU
		{5A9807A1-A5C9-4C3E-B909-525E13F41194}.Debug|x64.Build.0 = Debug|Any CPU
		{5A9807A1-A5C9-4C3E-B909-525E13F41194}.Debug|x86.ActiveCfg = Debug|Any CPU
		{5A9807A1-A5C9-4C3E-B909-525E13F41194}.Debug|x86.Build.0 = Debug|Any CPU
		{5A9807A1-A5C9-4C3E-B909-525E13F41194}.Release|Any CPU.ActiveCfg = Release|Any CPU
		{5A9807A1-A5C9-4C3E-B909-525E13F41194}.Release|Any CPU.Build.0 = Release|Any CPU
		{5A9807A1-A5C9-4C3E-B909-525E13F41194}.Release|x64.ActiveCfg = Release|Any CPU
		{5A9807A1-A5C9-4C3E-B909-525E13F41194}.Release|x64.Build.0 = Release|Any CPU
		{5A9807A1-A5C9-4C3E-B909-525E13F41194}.Release|x86.ActiveCfg = Release|Any CPU
		{5A9807A1-A5C9-4C3E-B909-525E13F41194}.Release|x86.Build.0 = Release|Any CPU
		{9C98C9AA-53BC-4EC9-A9AF-88A0D98DA20B}.Debug|Any CPU.ActiveCfg = Debug|Any CPU
		{9C98C9AA-53BC-4EC9-A9AF-88A0D98DA20B}.Debug|Any CPU.Build.0 = Debug|Any CPU
		{9C98C9AA-53BC-4EC9-A9AF-88A0D98DA20B}.Debug|x64.ActiveCfg = Debug|Any CPU
		{9C98C9AA-53BC-4EC9-A9AF-88A0D98DA20B}.Debug|x64.Build.0 = Debug|Any CPU
		{9C98C9AA-53BC-4EC9-A9AF-88A0D98DA20B}.Debug|x86.ActiveCfg = Debug|Any CPU
		{9C98C9AA-53BC-4EC9-A9AF-88A0D98DA20B}.Debug|x86.Build.0 = Debug|Any CPU
		{9C98C9AA-53BC-4EC9-A9AF-88A0D98DA20B}.Release|Any CPU.ActiveCfg = Release|Any CPU
		{9C98C9AA-53BC-4EC9-A9AF-88A0D98DA20B}.Release|Any CPU.Build.0 = Release|Any CPU
		{9C98C9AA-53BC-4EC9-A9AF-88A0D98DA20B}.Release|x64.ActiveCfg = Release|Any CPU
		{9C98C9AA-53BC-4EC9-A9AF-88A0D98DA20B}.Release|x64.Build.0 = Release|Any CPU
		{9C98C9AA-53BC-4EC9-A9AF-88A0D98DA20B}.Release|x86.ActiveCfg = Release|Any CPU
		{9C98C9AA-53BC-4EC9-A9AF-88A0D98DA20B}.Release|x86.Build.0 = Release|Any CPU
		{2A8B83DE-1D55-437A-8822-8314216F0AA9}.Debug|Any CPU.ActiveCfg = Debug|Any CPU
		{2A8B83DE-1D55-437A-8822-8314216F0AA9}.Debug|Any CPU.Build.0 = Debug|Any CPU
		{2A8B83DE-1D55-437A-8822-8314216F0AA9}.Debug|x64.ActiveCfg = Debug|Any CPU
		{2A8B83DE-1D55-437A-8822-8314216F0AA9}.Debug|x64.Build.0 = Debug|Any CPU
		{2A8B83DE-1D55-437A-8822-8314216F0AA9}.Debug|x86.ActiveCfg = Debug|Any CPU
		{2A8B83DE-1D55-437A-8822-8314216F0AA9}.Debug|x86.Build.0 = Debug|Any CPU
		{2A8B83DE-1D55-437A-8822-8314216F0AA9}.Release|Any CPU.ActiveCfg = Release|Any CPU
		{2A8B83DE-1D55-437A-8822-8314216F0AA9}.Release|Any CPU.Build.0 = Release|Any CPU
		{2A8B83DE-1D55-437A-8822-8314216F0AA9}.Release|x64.ActiveCfg = Release|Any CPU
		{2A8B83DE-1D55-437A-8822-8314216F0AA9}.Release|x64.Build.0 = Release|Any CPU
		{2A8B83DE-1D55-437A-8822-8314216F0AA9}.Release|x86.ActiveCfg = Release|Any CPU
		{2A8B83DE-1D55-437A-8822-8314216F0AA9}.Release|x86.Build.0 = Release|Any CPU
		{FF9B65BE-4435-4FAA-9D22-87AADE6A497E}.Debug|Any CPU.ActiveCfg = Debug|Any CPU
		{FF9B65BE-4435-4FAA-9D22-87AADE6A497E}.Debug|Any CPU.Build.0 = Debug|Any CPU
		{FF9B65BE-4435-4FAA-9D22-87AADE6A497E}.Debug|x64.ActiveCfg = Debug|Any CPU
		{FF9B65BE-4435-4FAA-9D22-87AADE6A497E}.Debug|x64.Build.0 = Debug|Any CPU
		{FF9B65BE-4435-4FAA-9D22-87AADE6A497E}.Debug|x86.ActiveCfg = Debug|Any CPU
		{FF9B65BE-4435-4FAA-9D22-87AADE6A497E}.Debug|x86.Build.0 = Debug|Any CPU
		{FF9B65BE-4435-4FAA-9D22-87AADE6A497E}.Release|Any CPU.ActiveCfg = Release|Any CPU
		{FF9B65BE-4435-4FAA-9D22-87AADE6A497E}.Release|Any CPU.Build.0 = Release|Any CPU
		{FF9B65BE-4435-4FAA-9D22-87AADE6A497E}.Release|x64.ActiveCfg = Release|Any CPU
		{FF9B65BE-4435-4FAA-9D22-87AADE6A497E}.Release|x64.Build.0 = Release|Any CPU
		{FF9B65BE-4435-4FAA-9D22-87AADE6A497E}.Release|x86.ActiveCfg = Release|Any CPU
		{FF9B65BE-4435-4FAA-9D22-87AADE6A497E}.Release|x86.Build.0 = Release|Any CPU
	EndGlobalSection
	GlobalSection(NestedProjects) = preSolution
		{B74BFB07-CA12-4CB3-870C-8E2F0822F5DD} = {BCDC56BC-0B91-469D-AD6D-0AA86E12D8F4}
		{ED931934-C310-4F51-9726-BF2AC29B8CE5} = {BCDC56BC-0B91-469D-AD6D-0AA86E12D8F4}
		{5A9807A1-A5C9-4C3E-B909-525E13F41194} = {BCDC56BC-0B91-469D-AD6D-0AA86E12D8F4}
		{9C98C9AA-53BC-4EC9-A9AF-88A0D98DA20B} = {BCDC56BC-0B91-469D-AD6D-0AA86E12D8F4}
		{2A8B83DE-1D55-437A-8822-8314216F0AA9} = {BCDC56BC-0B91-469D-AD6D-0AA86E12D8F4}
		{FF9B65BE-4435-4FAA-9D22-87AADE6A497E} = {BCDC56BC-0B91-469D-AD6D-0AA86E12D8F4}
	EndGlobalSection
EndGlobal
